{
    "requires": true,
    "lockfileVersion": 1,
    "dependencies": {
        "highcharts": {
            "version": "7.1.2",
            "resolved": "https://registry.npmjs.org/highcharts/-/highcharts-7.1.2.tgz",
            "integrity": "sha512-diSTVxWKefQzShi22gaV63pdrIFlQAsTGe3f328Ur7cqBoYFvHMtiMP+q+VOFdM2mdGVtlUR0QQSxj62LLsPpg=="
        }
    }
}
